Microsoft Visual Studio Solution File, Format Version 12.00
# Visual Studio Version 17
VisualStudioVersion = 17.0.31611.283
MinimumVisualStudioVersion = 10.0.40219.1
Project("{9A19103F-16F7-4668-BE54-9A1E7A4F7556}") = "ChatMAUI", "ChatMAUI\ChatMAUI.csproj", "{EB924633-FD9B-40FA-BA5E-3CA7E0DBAC1E}"
EndProject
Global
	GlobalSection(SolutionConfigurationPlatforms) = preSolution
		Debug|Any CPU = Debug|Any CPU
		Release|Any CPU = Release|Any CPU
	EndGlobalSection
	GlobalSection(ProjectConfigurationPlatforms) = postSolution
		{EB924633-FD9B-40FA-BA5E-3CA7E0DBAC1E}.Debug|Any CPU.ActiveCfg = Debug|Any CPU
		{EB924633-FD9B-40FA-BA5E-3CA7E0DBAC1E}.Debug|Any CPU.Build.0 = Debug|Any CPU
		{EB924633-FD9B-40FA-BA5E-3CA7E0DBAC1E}.Debug|Any CPU.Deploy.0 = Debug|Any CPU
		{EB924633-FD9B-40FA-BA5E-3CA7E0DBAC1E}.Release|Any CPU.ActiveCfg = Release|Any CPU
		{EB924633-FD9B-40FA-BA5E-3CA7E0DBAC1E}.Release|Any CPU.Build.0 = Release|Any CPU
		{EB924633-FD9B-40FA-BA5E-3CA7E0DBAC1E}.Release|Any CPU.Deploy.0 = Release|Any CPU
	EndGlobalSection
	GlobalSection(SolutionProperties) = preSolution
		HideSolutionNode = FALSE
	EndGlobalSection
	GlobalSection(ExtensibilityGlobals) = postSolution
		        SolutionGuid = {61F7FB11-1E47-470C-91E2-47F8143E1572}
		SolutionGuid = {E1B0F871-4CE9-42B0-A80E-DB858AE4C2C8}
	EndGlobalSection
EndGlobal
